
Microsoft Visual Studio Solution File, Format Version 12.00
# Visual Studio Version 17
VisualStudioVersion = 17.14.36414.22 d17.14
MinimumVisualStudioVersion = 10.0.40219.1
Project("{FAE04EC0-301F-11D3-BF4B-00C04F79EFBC}") = "DavesPortfolio", "DavesPortfolio\DavesPortfolio.csproj", "{EC97A248-9973-4B83-869B-63F743CC7211}"
EndProject
Project("{FAE04EC0-301F-11D3-BF4B-00C04F79EFBC}") = "DavesPortfolio.Client", "DavesPortfolio.Client\DavesPortfolio.Client.csproj", "{245F79E8-9D58-4D95-9E52-0F9887DBAE5C}"
EndProject
Global
	GlobalSection(SolutionConfigurationPlatforms) = preSolution
		Debug|Any CPU = Debug|Any CPU
		Release|Any CPU = Release|Any CPU
	EndGlobalSection
	GlobalSection(ProjectConfigurationPlatforms) = postSolution
		{EC97A248-9973-4B83-869B-63F743CC7211}.Debug|Any CPU.ActiveCfg = Debug|Any CPU
		{EC97A248-9973-4B83-869B-63F743CC7211}.Debug|Any CPU.Build.0 = Debug|Any CPU
		{EC97A248-9973-4B83-869B-63F743CC7211}.Release|Any CPU.ActiveCfg = Release|Any CPU
		{EC97A248-9973-4B83-869B-63F743CC7211}.Release|Any CPU.Build.0 = Release|Any CPU
		{245F79E8-9D58-4D95-9E52-0F9887DBAE5C}.Debug|Any CPU.ActiveCfg = Debug|Any CPU
		{245F79E8-9D58-4D95-9E52-0F9887DBAE5C}.Debug|Any CPU.Build.0 = Debug|Any CPU
		{245F79E8-9D58-4D95-9E52-0F9887DBAE5C}.Release|Any CPU.ActiveCfg = Release|Any CPU
		{245F79E8-9D58-4D95-9E52-0F9887DBAE5C}.Release|Any CPU.Build.0 = Release|Any CPU
	EndGlobalSection
	GlobalSection(SolutionProperties) = preSolution
		HideSolutionNode = FALSE
	EndGlobalSection
	GlobalSection(ExtensibilityGlobals) = postSolution
		SolutionGuid = {AA4C20B2-DEA7-4EAE-BFC1-041F7C39C5EF}
	EndGlobalSection
EndGlobal
